
Microsoft Visual Studio Solution File, Format Version 12.00
# Visual Studio 2012
VisualStudioVersion = 12.0.31101.0
MinimumVisualStudioVersion = 10.0.40219.1
Project("{FAE04EC0-301F-11D3-BF4B-00C04F79EFBC}") = "CSharp-Core", "CSharp-Core\CSharp-Core.csproj", "{066EA73C-B3DD-41CA-9AD7-81A1D7D3A6DA}"
EndProject
Project("{FAE04EC0-301F-11D3-BF4B-00C04F79EFBC}") = "CSharp-Tests", "CSharp-Tests\CSharp-Tests.csproj", "{76B00E9B-0168-4A45-8F59-089079E1D4F1}"
EndProject
Project("{FAE04EC0-301F-11D3-BF4B-00C04F79EFBC}") = "CSharp-Runtime", "CSharp-Runtime\CSharp-Runtime.csproj", "{63EE2F5C-DD86-4245-98ED-8BDE42236548}"
EndProject
Global
	GlobalSection(SolutionConfigurationPlatforms) = preSolution
		Debug|Any CPU = Debug|Any CPU
		Release|Any CPU = Release|Any CPU
	EndGlobalSection
	GlobalSection(ProjectConfigurationPlatforms) = postSolution
		{066EA73C-B3DD-41CA-9AD7-81A1D7D3A6DA}.Debug|Any CPU.ActiveCfg = Debug|Any CPU
		{066EA73C-B3DD-41CA-9AD7-81A1D7D3A6DA}.Debug|Any CPU.Build.0 = Debug|Any CPU
		{066EA73C-B3DD-41CA-9AD7-81A1D7D3A6DA}.Release|Any CPU.ActiveCfg = Release|Any CPU
		{066EA73C-B3DD-41CA-9AD7-81A1D7D3A6DA}.Release|Any CPU.Build.0 = Release|Any CPU
		{63EE2F5C-DD86-4245-98ED-8BDE42236548}.Debug|Any CPU.ActiveCfg = Debug|Any CPU
		{63EE2F5C-DD86-4245-98ED-8BDE42236548}.Debug|Any CPU.Build.0 = Debug|Any CPU
		{63EE2F5C-DD86-4245-98ED-8BDE42236548}.Release|Any CPU.ActiveCfg = Release|Any CPU
		{63EE2F5C-DD86-4245-98ED-8BDE42236548}.Release|Any CPU.Build.0 = Release|Any CPU
		{76B00E9B-0168-4A45-8F59-089079E1D4F1}.Debug|Any CPU.ActiveCfg = Debug|Any CPU
		{76B00E9B-0168-4A45-8F59-089079E1D4F1}.Debug|Any CPU.Build.0 = Debug|Any CPU
		{76B00E9B-0168-4A45-8F59-089079E1D4F1}.Release|Any CPU.ActiveCfg = Release|Any CPU
		{76B00E9B-0168-4A45-8F59-089079E1D4F1}.Release|Any CPU.Build.0 = Release|Any CPU
	EndGlobalSection
	GlobalSection(SolutionProperties) = preSolution
		HideSolutionNode = FALSE
	EndGlobalSection
	GlobalSection(TestCaseManagementSettings) = postSolution
		CategoryFile = Presto.vsmdi
	EndGlobalSection
EndGlobal
